
Microsoft Visual Studio Solution File, Format Version 12.00
# Visual Studio Version 17
VisualStudioVersion = 17.6.33829.357
MinimumVisualStudioVersion = 10.0.40219.1
Project("{FAE04EC0-301F-11D3-BF4B-00C04F79EFBC}") = "WebApp1", "WebApp1.csproj", "{B7DD0EB5-5129-4C4C-ACA9-87A8A0058797}"
EndProject
Global
	GlobalSection(SolutionConfigurationPlatforms) = preSolution
		Debug|Any CPU = Debug|Any CPU
		Release|Any CPU = Release|Any CPU
	EndGlobalSection
	GlobalSection(ProjectConfigurationPlatforms) = postSolution
		{B7DD0EB5-5129-4C4C-ACA9-87A8A0058797}.Debug|Any CPU.ActiveCfg = Debug|Any CPU
		{B7DD0EB5-5129-4C4C-ACA9-87A8A0058797}.Debug|Any CPU.Build.0 = Debug|Any CPU
		{B7DD0EB5-5129-4C4C-ACA9-87A8A0058797}.Release|Any CPU.ActiveCfg = Release|Any CPU
		{B7DD0EB5-5129-4C4C-ACA9-87A8A0058797}.Release|Any CPU.Build.0 = Release|Any CPU
	EndGlobalSection
	GlobalSection(SolutionProperties) = preSolution
		HideSolutionNode = FALSE
	EndGlobalSection
	GlobalSection(ExtensibilityGlobals) = postSolution
		SolutionGuid = {D8A99731-AF85-4AAA-8720-A8BD75A6142A}
	EndGlobalSection
EndGlobal
